
Microsoft Visual Studio Solution File, Format Version 12.00
# Visual Studio Version 16
VisualStudioVersion = 16.0.30907.101
MinimumVisualStudioVersion = 10.0.40219.1
Project("{FAE04EC0-301F-11D3-BF4B-00C04F79EFBC}") = "e-Handbook", "e-Handbook\e-Handbook.csproj", "{867E9BB6-4B46-43E0-A75F-18885BC59E5D}"
EndProject
Global
	GlobalSection(SolutionConfigurationPlatforms) = preSolution
		Debug|Any CPU = Debug|Any CPU
		Release|Any CPU = Release|Any CPU
	EndGlobalSection
	GlobalSection(ProjectConfigurationPlatforms) = postSolution
		{867E9BB6-4B46-43E0-A75F-18885BC59E5D}.Debug|Any CPU.ActiveCfg = Debug|Any CPU
		{867E9BB6-4B46-43E0-A75F-18885BC59E5D}.Debug|Any CPU.Build.0 = Debug|Any CPU
		{867E9BB6-4B46-43E0-A75F-18885BC59E5D}.Release|Any CPU.ActiveCfg = Release|Any CPU
		{867E9BB6-4B46-43E0-A75F-18885BC59E5D}.Release|Any CPU.Build.0 = Release|Any CPU
	EndGlobalSection
	GlobalSection(SolutionProperties) = preSolution
		HideSolutionNode = FALSE
	EndGlobalSection
	GlobalSection(ExtensibilityGlobals) = postSolution
		SolutionGuid = {B71F1BBE-A530-465E-8E03-23AB95B90E14}
	EndGlobalSection
EndGlobal
